
Microsoft Visual Studio Solution File, Format Version 12.00
# Visual Studio Version 17
VisualStudioVersion = 17.9.34723.18
MinimumVisualStudioVersion = 10.0.40219.1
Project("{FAE04EC0-301F-11D3-BF4B-00C04F79EFBC}") = "BigQuery.Api", "BigQuery.Api\BigQuery.Api.csproj", "{E18E506F-A828-499E-AB12-6E0174FAFB87}"
EndProject
Global
	GlobalSection(SolutionConfigurationPlatforms) = preSolution
		Debug|Any CPU = Debug|Any CPU
		Release|Any CPU = Release|Any CPU
	EndGlobalSection
	GlobalSection(ProjectConfigurationPlatforms) = postSolution
		{E18E506F-A828-499E-AB12-6E0174FAFB87}.Debug|Any CPU.ActiveCfg = Debug|Any CPU
		{E18E506F-A828-499E-AB12-6E0174FAFB87}.Debug|Any CPU.Build.0 = Debug|Any CPU
		{E18E506F-A828-499E-AB12-6E0174FAFB87}.Release|Any CPU.ActiveCfg = Release|Any CPU
		{E18E506F-A828-499E-AB12-6E0174FAFB87}.Release|Any CPU.Build.0 = Release|Any CPU
	EndGlobalSection
	GlobalSection(SolutionProperties) = preSolution
		HideSolutionNode = FALSE
	EndGlobalSection
	GlobalSection(ExtensibilityGlobals) = postSolution
		SolutionGuid = {E008A767-E7C9-45F2-97E3-67617B498E31}
	EndGlobalSection
EndGlobal
